
Microsoft Visual Studio Solution File, Format Version 12.00
# Visual Studio 14
VisualStudioVersion = 14.0.23107.0
MinimumVisualStudioVersion = 10.0.40219.1
Project("{FAE04EC0-301F-11D3-BF4B-00C04F79EFBC}") = "spellCheckDemo", "spellCheckDemo\spellCheckDemo.csproj", "{8E8B524C-029C-46A1-89ED-6830D92D0C84}"
EndProject
Project("{FAE04EC0-301F-11D3-BF4B-00C04F79EFBC}") = "CPI.Hcfa.SpellChecker", "CPI.Hcfa.SpellCheckerEngine\CPI.Hcfa.SpellChecker.csproj", "{A2F98C1B-8ED7-484D-ADA5-79B7D5436613}"
EndProject
Global
	GlobalSection(SolutionConfigurationPlatforms) = preSolution
		Debug|Any CPU = Debug|Any CPU
		Release|Any CPU = Release|Any CPU
	EndGlobalSection
	GlobalSection(ProjectConfigurationPlatforms) = postSolution
		{8E8B524C-029C-46A1-89ED-6830D92D0C84}.Debug|Any CPU.ActiveCfg = Debug|Any CPU
		{8E8B524C-029C-46A1-89ED-6830D92D0C84}.Debug|Any CPU.Build.0 = Debug|Any CPU
		{8E8B524C-029C-46A1-89ED-6830D92D0C84}.Release|Any CPU.ActiveCfg = Release|Any CPU
		{8E8B524C-029C-46A1-89ED-6830D92D0C84}.Release|Any CPU.Build.0 = Release|Any CPU
		{A2F98C1B-8ED7-484D-ADA5-79B7D5436613}.Debug|Any CPU.ActiveCfg = Debug|Any CPU
		{A2F98C1B-8ED7-484D-ADA5-79B7D5436613}.Debug|Any CPU.Build.0 = Debug|Any CPU
		{A2F98C1B-8ED7-484D-ADA5-79B7D5436613}.Release|Any CPU.ActiveCfg = Release|Any CPU
		{A2F98C1B-8ED7-484D-ADA5-79B7D5436613}.Release|Any CPU.Build.0 = Release|Any CPU
	EndGlobalSection
	GlobalSection(SolutionProperties) = preSolution
		HideSolutionNode = FALSE
	EndGlobalSection
EndGlobal
