
Microsoft Visual Studio Solution File, Format Version 12.00
# Visual Studio 15
VisualStudioVersion = 15.0.28307.136
MinimumVisualStudioVersion = 10.0.40219.1
Project("{FAE04EC0-301F-11D3-BF4B-00C04F79EFBC}") = "WebAppMVCDemo", "WebAppMVCDemo\WebAppMVCDemo.csproj", "{C4D3F5C7-BB91-41C6-99AE-EBA99E10B482}"
EndProject
Project("{FAE04EC0-301F-11D3-BF4B-00C04F79EFBC}") = "webAppMVCDemo.Model", "webAppMVCDemo.Model\webAppMVCDemo.Model.csproj", "{CF620C24-3F03-4B93-9F5B-B6B91A3321A6}"
EndProject
Project("{FAE04EC0-301F-11D3-BF4B-00C04F79EFBC}") = "wevAppMVCDemo.DAL", "wevAppMVCDemo.DAL\wevAppMVCDemo.DAL.csproj", "{E180B671-4EDC-4EC5-ABB8-F61732425172}"
EndProject
Global
	GlobalSection(SolutionConfigurationPlatforms) = preSolution
		Debug|Any CPU = Debug|Any CPU
		Release|Any CPU = Release|Any CPU
	EndGlobalSection
	GlobalSection(ProjectConfigurationPlatforms) = postSolution
		{C4D3F5C7-BB91-41C6-99AE-EBA99E10B482}.Debug|Any CPU.ActiveCfg = Debug|Any CPU
		{C4D3F5C7-BB91-41C6-99AE-EBA99E10B482}.Debug|Any CPU.Build.0 = Debug|Any CPU
		{C4D3F5C7-BB91-41C6-99AE-EBA99E10B482}.Release|Any CPU.ActiveCfg = Release|Any CPU
		{C4D3F5C7-BB91-41C6-99AE-EBA99E10B482}.Release|Any CPU.Build.0 = Release|Any CPU
		{CF620C24-3F03-4B93-9F5B-B6B91A3321A6}.Debug|Any CPU.ActiveCfg = Debug|Any CPU
		{CF620C24-3F03-4B93-9F5B-B6B91A3321A6}.Debug|Any CPU.Build.0 = Debug|Any CPU
		{CF620C24-3F03-4B93-9F5B-B6B91A3321A6}.Release|Any CPU.ActiveCfg = Release|Any CPU
		{CF620C24-3F03-4B93-9F5B-B6B91A3321A6}.Release|Any CPU.Build.0 = Release|Any CPU
		{E180B671-4EDC-4EC5-ABB8-F61732425172}.Debug|Any CPU.ActiveCfg = Debug|Any CPU
		{E180B671-4EDC-4EC5-ABB8-F61732425172}.Debug|Any CPU.Build.0 = Debug|Any CPU
		{E180B671-4EDC-4EC5-ABB8-F61732425172}.Release|Any CPU.ActiveCfg = Release|Any CPU
		{E180B671-4EDC-4EC5-ABB8-F61732425172}.Release|Any CPU.Build.0 = Release|Any CPU
	EndGlobalSection
	GlobalSection(SolutionProperties) = preSolution
		HideSolutionNode = FALSE
	EndGlobalSection
	GlobalSection(ExtensibilityGlobals) = postSolution
		SolutionGuid = {ECA7D261-E55F-4C4D-BF05-4DB0ABCDA98E}
	EndGlobalSection
EndGlobal
