
Microsoft Visual Studio Solution File, Format Version 12.00
# Visual Studio 14
VisualStudioVersion = 14.0.23107.0
MinimumVisualStudioVersion = 10.0.40219.1
Project("{FAE04EC0-301F-11D3-BF4B-00C04F79EFBC}") = "opencvDemo", "opencvDemo\opencvDemo.csproj", "{08177502-67D7-43C6-AD32-B0B2249BC16D}"
EndProject
Project("{FAE04EC0-301F-11D3-BF4B-00C04F79EFBC}") = "OpenCVOCRModule", "OpenCVOCRModule\OpenCVOCRModule.csproj", "{A6D573D5-5A4A-4976-81DE-73AF172BD694}"
EndProject
Global
	GlobalSection(SolutionConfigurationPlatforms) = preSolution
		Debug|Any CPU = Debug|Any CPU
		Release|Any CPU = Release|Any CPU
	EndGlobalSection
	GlobalSection(ProjectConfigurationPlatforms) = postSolution
		{08177502-67D7-43C6-AD32-B0B2249BC16D}.Debug|Any CPU.ActiveCfg = Debug|Any CPU
		{08177502-67D7-43C6-AD32-B0B2249BC16D}.Debug|Any CPU.Build.0 = Debug|Any CPU
		{08177502-67D7-43C6-AD32-B0B2249BC16D}.Release|Any CPU.ActiveCfg = Release|Any CPU
		{08177502-67D7-43C6-AD32-B0B2249BC16D}.Release|Any CPU.Build.0 = Release|Any CPU
		{A6D573D5-5A4A-4976-81DE-73AF172BD694}.Debug|Any CPU.ActiveCfg = Debug|Any CPU
		{A6D573D5-5A4A-4976-81DE-73AF172BD694}.Debug|Any CPU.Build.0 = Debug|Any CPU
		{A6D573D5-5A4A-4976-81DE-73AF172BD694}.Release|Any CPU.ActiveCfg = Release|Any CPU
		{A6D573D5-5A4A-4976-81DE-73AF172BD694}.Release|Any CPU.Build.0 = Release|Any CPU
	EndGlobalSection
	GlobalSection(SolutionProperties) = preSolution
		HideSolutionNode = FALSE
	EndGlobalSection
EndGlobal
